
Microsoft Visual Studio Solution File, Format Version 12.00
# Visual Studio Version 17
VisualStudioVersion = 17.0.31903.59
MinimumVisualStudioVersion = 10.0.40219.1
Project("{2150E333-8FDC-42A3-9474-1A3956D46DE8}") = "src", "src", "{827E0CD3-B72D-47B6-A68D-7590B98EB39B}"
EndProject
Project("{FAE04EC0-301F-11D3-BF4B-00C04F79EFBC}") = "DoViFixer.Domain", "src\DoViFixer.Domain\DoViFixer.Domain.csproj", "{3F1336AA-3E2D-4715-8D48-D45CAFC986A6}"
EndProject
Project("{FAE04EC0-301F-11D3-BF4B-00C04F79EFBC}") = "DoViFixer.Application", "src\DoViFixer.Application\DoViFixer.Application.csproj", "{12404E93-255C-4265-8673-8859757F2DDF}"
EndProject
Project("{FAE04EC0-301F-11D3-BF4B-00C04F79EFBC}") = "DoViFixer.Infrastructure", "src\DoViFixer.Infrastructure\DoViFixer.Infrastructure.csproj", "{E1ACC9F4-3B9B-443F-A91C-683D70D5C45D}"
EndProject
Project("{FAE04EC0-301F-11D3-BF4B-00C04F79EFBC}") = "DoViFixer.Console", "src\DoViFixer.Console\DoViFixer.Console.csproj", "{0475AAFC-0424-4292-A1C8-2993BB20B777}"
EndProject
Project("{2150E333-8FDC-42A3-9474-1A3956D46DE8}") = "tests", "tests", "{0AB3BF05-4346-4AA6-1389-037BE0695223}"
EndProject
Project("{FAE04EC0-301F-11D3-BF4B-00C04F79EFBC}") = "DoViFixer.Domain.Tests", "tests\DoViFixer.Domain.Tests\DoViFixer.Domain.Tests.csproj", "{0D30DDBD-2306-4984-AA90-37D6029C2155}"
EndProject
Project("{FAE04EC0-301F-11D3-BF4B-00C04F79EFBC}") = "DoViFixer.Application.Tests", "tests\DoViFixer.Application.Tests\DoViFixer.Application.Tests.csproj", "{023AEF1E-D213-49FE-9EE1-C6E082534993}"
EndProject
Project("{FAE04EC0-301F-11D3-BF4B-00C04F79EFBC}") = "DoViFixer.Infrastructure.Tests", "tests\DoViFixer.Infrastructure.Tests\DoViFixer.Infrastructure.Tests.csproj", "{25930F54-8CE9-44E9-B585-C96B103CA42D}"
EndProject
Project("{FAE04EC0-301F-11D3-BF4B-00C04F79EFBC}") = "DoViFixer.Console.Tests", "tests\DoViFixer.Console.Tests\DoViFixer.Console.Tests.csproj", "{B1B35DA7-54E7-446C-8063-EBBE815FDB9A}"
EndProject
Global
	GlobalSection(SolutionConfigurationPlatforms) = preSolution
		Debug|Any CPU = Debug|Any CPU
		Debug|x64 = Debug|x64
		Debug|x86 = Debug|x86
		Release|Any CPU = Release|Any CPU
		Release|x64 = Release|x64
		Release|x86 = Release|x86
	EndGlobalSection
	GlobalSection(ProjectConfigurationPlatforms) = postSolution
		{3F1336AA-3E2D-4715-8D48-D45CAFC986A6}.Debug|Any CPU.ActiveCfg = Debug|Any CPU
		{3F1336AA-3E2D-4715-8D48-D45CAFC986A6}.Debug|Any CPU.Build.0 = Debug|Any CPU
		{3F1336AA-3E2D-4715-8D48-D45CAFC986A6}.Debug|x64.ActiveCfg = Debug|Any CPU
		{3F1336AA-3E2D-4715-8D48-D45CAFC986A6}.Debug|x64.Build.0 = Debug|Any CPU
		{3F1336AA-3E2D-4715-8D48-D45CAFC986A6}.Debug|x86.ActiveCfg = Debug|Any CPU
		{3F1336AA-3E2D-4715-8D48-D45CAFC986A6}.Debug|x86.Build.0 = Debug|Any CPU
		{3F1336AA-3E2D-4715-8D48-D45CAFC986A6}.Release|Any CPU.ActiveCfg = Release|Any CPU
		{3F1336AA-3E2D-4715-8D48-D45CAFC986A6}.Release|Any CPU.Build.0 = Release|Any CPU
		{3F1336AA-3E2D-4715-8D48-D45CAFC986A6}.Release|x64.ActiveCfg = Release|Any CPU
		{3F1336AA-3E2D-4715-8D48-D45CAFC986A6}.Release|x64.Build.0 = Release|Any CPU
		{3F1336AA-3E2D-4715-8D48-D45CAFC986A6}.Release|x86.ActiveCfg = Release|Any CPU
		{3F1336AA-3E2D-4715-8D48-D45CAFC986A6}.Release|x86.Build.0 = Release|Any CPU
		{12404E93-255C-4265-8673-8859757F2DDF}.Debug|Any CPU.ActiveCfg = Debug|Any CPU
		{12404E93-255C-4265-8673-8859757F2DDF}.Debug|Any CPU.Build.0 = Debug|Any CPU
		{12404E93-255C-4265-8673-8859757F2DDF}.Debug|x64.ActiveCfg = Debug|Any CPU
		{12404E93-255C-4265-8673-8859757F2DDF}.Debug|x64.Build.0 = Debug|Any CPU
		{12404E93-255C-4265-8673-8859757F2DDF}.Debug|x86.ActiveCfg = Debug|Any CPU
		{12404E93-255C-4265-8673-8859757F2DDF}.Debug|x86.Build.0 = Debug|Any CPU
		{12404E93-255C-4265-8673-8859757F2DDF}.Release|Any CPU.ActiveCfg = Release|Any CPU
		{12404E93-255C-4265-8673-8859757F2DDF}.Release|Any CPU.Build.0 = Release|Any CPU
		{12404E93-255C-4265-8673-8859757F2DDF}.Release|x64.ActiveCfg = Release|Any CPU
		{12404E93-255C-4265-8673-8859757F2DDF}.Release|x64.Build.0 = Release|Any CPU
		{12404E93-255C-4265-8673-8859757F2DDF}.Release|x86.ActiveCfg = Release|Any CPU
		{12404E93-255C-4265-8673-8859757F2DDF}.Release|x86.Build.0 = Release|Any CPU
		{E1ACC9F4-3B9B-443F-A91C-683D70D5C45D}.Debug|Any CPU.ActiveCfg = Debug|Any CPU
		{E1ACC9F4-3B9B-443F-A91C-683D70D5C45D}.Debug|Any CPU.Build.0 = Debug|Any CPU
		{E1ACC9F4-3B9B-443F-A91C-683D70D5C45D}.Debug|x64.ActiveCfg = Debug|Any CPU
		{E1ACC9F4-3B9B-443F-A91C-683D70D5C45D}.Debug|x64.Build.0 = Debug|Any CPU
		{E1ACC9F4-3B9B-443F-A91C-683D70D5C45D}.Debug|x86.ActiveCfg = Debug|Any CPU
		{E1ACC9F4-3B9B-443F-A91C-683D70D5C45D}.Debug|x86.Build.0 = Debug|Any CPU
		{E1ACC9F4-3B9B-443F-A91C-683D70D5C45D}.Release|Any CPU.ActiveCfg = Release|Any CPU
		{E1ACC9F4-3B9B-443F-A91C-683D70D5C45D}.Release|Any CPU.Build.0 = Release|Any CPU
		{E1ACC9F4-3B9B-443F-A91C-683D70D5C45D}.Release|x64.ActiveCfg = Release|Any CPU
		{E1ACC9F4-3B9B-443F-A91C-683D70D5C45D}.Release|x64.Build.0 = Release|Any CPU
		{E1ACC9F4-3B9B-443F-A91C-683D70D5C45D}.Release|x86.ActiveCfg = Release|Any CPU
		{E1ACC9F4-3B9B-443F-A91C-683D70D5C45D}.Release|x86.Build.0 = Release|Any CPU
		{0475AAFC-0424-4292-A1C8-2993BB20B777}.Debug|Any CPU.ActiveCfg = Debug|Any CPU
		{0475AAFC-0424-4292-A1C8-2993BB20B777}.Debug|Any CPU.Build.0 = Debug|Any CPU
		{0475AAFC-0424-4292-A1C8-2993BB20B777}.Debug|x64.ActiveCfg = Debug|Any CPU
		{0475AAFC-0424-4292-A1C8-2993BB20B777}.Debug|x64.Build.0 = Debug|Any CPU
		{0475AAFC-0424-4292-A1C8-2993BB20B777}.Debug|x86.ActiveCfg = Debug|Any CPU
		{0475AAFC-0424-4292-A1C8-2993BB20B777}.Debug|x86.Build.0 = Debug|Any CPU
		{0475AAFC-0424-4292-A1C8-2993BB20B777}.Release|Any CPU.ActiveCfg = Release|Any CPU
		{0475AAFC-0424-4292-A1C8-2993BB20B777}.Release|Any CPU.Build.0 = Release|Any CPU
		{0475AAFC-0424-4292-A1C8-2993BB20B777}.Release|x64.ActiveCfg = Release|Any CPU
		{0475AAFC-0424-4292-A1C8-2993BB20B777}.Release|x64.Build.0 = Release|Any CPU
		{0475AAFC-0424-4292-A1C8-2993BB20B777}.Release|x86.ActiveCfg = Release|Any CPU
		{0475AAFC-0424-4292-A1C8-2993BB20B777}.Release|x86.Build.0 = Release|Any CPU
		{0D30DDBD-2306-4984-AA90-37D6029C2155}.Debug|Any CPU.ActiveCfg = Debug|Any CPU
		{0D30DDBD-2306-4984-AA90-37D6029C2155}.Debug|Any CPU.Build.0 = Debug|Any CPU
		{0D30DDBD-2306-4984-AA90-37D6029C2155}.Debug|x64.ActiveCfg = Debug|Any CPU
		{0D30DDBD-2306-4984-AA90-37D6029C2155}.Debug|x64.Build.0 = Debug|Any CPU
		{0D30DDBD-2306-4984-AA90-37D6029C2155}.Debug|x86.ActiveCfg = Debug|Any CPU
		{0D30DDBD-2306-4984-AA90-37D6029C2155}.Debug|x86.Build.0 = Debug|Any CPU
		{0D30DDBD-2306-4984-AA90-37D6029C2155}.Release|Any CPU.ActiveCfg = Release|Any CPU
		{0D30DDBD-2306-4984-AA90-37D6029C2155}.Release|Any CPU.Build.0 = Release|Any CPU
		{0D30DDBD-2306-4984-AA90-37D6029C2155}.Release|x64.ActiveCfg = Release|Any CPU
		{0D30DDBD-2306-4984-AA90-37D6029C2155}.Release|x64.Build.0 = Release|Any CPU
		{0D30DDBD-2306-4984-AA90-37D6029C2155}.Release|x86.ActiveCfg = Release|Any CPU
		{0D30DDBD-2306-4984-AA90-37D6029C2155}.Release|x86.Build.0 = Release|Any CPU
		{023AEF1E-D213-49FE-9EE1-C6E082534993}.Debug|Any CPU.ActiveCfg = Debug|Any CPU
		{023AEF1E-D213-49FE-9EE1-C6E082534993}.Debug|Any CPU.Build.0 = Debug|Any CPU
		{023AEF1E-D213-49FE-9EE1-C6E082534993}.Debug|x64.ActiveCfg = Debug|Any CPU
		{023AEF1E-D213-49FE-9EE1-C6E082534993}.Debug|x64.Build.0 = Debug|Any CPU
		{023AEF1E-D213-49FE-9EE1-C6E082534993}.Debug|x86.ActiveCfg = Debug|Any CPU
		{023AEF1E-D213-49FE-9EE1-C6E082534993}.Debug|x86.Build.0 = Debug|Any CPU
		{023AEF1E-D213-49FE-9EE1-C6E082534993}.Release|Any CPU.ActiveCfg = Release|Any CPU
		{023AEF1E-D213-49FE-9EE1-C6E082534993}.Release|Any CPU.Build.0 = Release|Any CPU
		{023AEF1E-D213-49FE-9EE1-C6E082534993}.Release|x64.ActiveCfg = Release|Any CPU
		{023AEF1E-D213-49FE-9EE1-C6E082534993}.Release|x64.Build.0 = Release|Any CPU
		{023AEF1E-D213-49FE-9EE1-C6E082534993}.Release|x86.ActiveCfg = Release|Any CPU
		{023AEF1E-D213-49FE-9EE1-C6E082534993}.Release|x86.Build.0 = Release|Any CPU
		{25930F54-8CE9-44E9-B585-C96B103CA42D}.Debug|Any CPU.ActiveCfg = Debug|Any CPU
		{25930F54-8CE9-44E9-B585-C96B103CA42D}.Debug|Any CPU.Build.0 = Debug|Any CPU
		{25930F54-8CE9-44E9-B585-C96B103CA42D}.Debug|x64.ActiveCfg = Debug|Any CPU
		{25930F54-8CE9-44E9-B585-C96B103CA42D}.Debug|x64.Build.0 = Debug|Any CPU
		{25930F54-8CE9-44E9-B585-C96B103CA42D}.Debug|x86.ActiveCfg = Debug|Any CPU
		{25930F54-8CE9-44E9-B585-C96B103CA42D}.Debug|x86.Build.0 = Debug|Any CPU
		{25930F54-8CE9-44E9-B585-C96B103CA42D}.Release|Any CPU.ActiveCfg = Release|Any CPU
		{25930F54-8CE9-44E9-B585-C96B103CA42D}.Release|Any CPU.Build.0 = Release|Any CPU
		{25930F54-8CE9-44E9-B585-C96B103CA42D}.Release|x64.ActiveCfg = Release|Any CPU
		{25930F54-8CE9-44E9-B585-C96B103CA42D}.Release|x64.Build.0 = Release|Any CPU
		{25930F54-8CE9-44E9-B585-C96B103CA42D}.Release|x86.ActiveCfg = Release|Any CPU
		{25930F54-8CE9-44E9-B585-C96B103CA42D}.Release|x86.Build.0 = Release|Any CPU
		{B1B35DA7-54E7-446C-8063-EBBE815FDB9A}.Debug|Any CPU.ActiveCfg = Debug|Any CPU
		{B1B35DA7-54E7-446C-8063-EBBE815FDB9A}.Debug|Any CPU.Build.0 = Debug|Any CPU
		{B1B35DA7-54E7-446C-8063-EBBE815FDB9A}.Debug|x64.ActiveCfg = Debug|Any CPU
		{B1B35DA7-54E7-446C-8063-EBBE815FDB9A}.Debug|x64.Build.0 = Debug|Any CPU
		{B1B35DA7-54E7-446C-8063-EBBE815FDB9A}.Debug|x86.ActiveCfg = Debug|Any CPU
		{B1B35DA7-54E7-446C-8063-EBBE815FDB9A}.Debug|x86.Build.0 = Debug|Any CPU
		{B1B35DA7-54E7-446C-8063-EBBE815FDB9A}.Release|Any CPU.ActiveCfg = Release|Any CPU
		{B1B35DA7-54E7-446C-8063-EBBE815FDB9A}.Release|Any CPU.Build.0 = Release|Any CPU
		{B1B35DA7-54E7-446C-8063-EBBE815FDB9A}.Release|x64.ActiveCfg = Release|Any CPU
		{B1B35DA7-54E7-446C-8063-EBBE815FDB9A}.Release|x64.Build.0 = Release|Any CPU
		{B1B35DA7-54E7-446C-8063-EBBE815FDB9A}.Release|x86.ActiveCfg = Release|Any CPU
		{B1B35DA7-54E7-446C-8063-EBBE815FDB9A}.Release|x86.Build.0 = Release|Any CPU
	EndGlobalSection
	GlobalSection(SolutionProperties) = preSolution
		HideSolutionNode = FALSE
	EndGlobalSection
	GlobalSection(NestedProjects) = preSolution
		{3F1336AA-3E2D-4715-8D48-D45CAFC986A6} = {827E0CD3-B72D-47B6-A68D-7590B98EB39B}
		{12404E93-255C-4265-8673-8859757F2DDF} = {827E0CD3-B72D-47B6-A68D-7590B98EB39B}
		{E1ACC9F4-3B9B-443F-A91C-683D70D5C45D} = {827E0CD3-B72D-47B6-A68D-7590B98EB39B}
		{0475AAFC-0424-4292-A1C8-2993BB20B777} = {827E0CD3-B72D-47B6-A68D-7590B98EB39B}
		{0D30DDBD-2306-4984-AA90-37D6029C2155} = {0AB3BF05-4346-4AA6-1389-037BE0695223}
		{023AEF1E-D213-49FE-9EE1-C6E082534993} = {0AB3BF05-4346-4AA6-1389-037BE0695223}
		{25930F54-8CE9-44E9-B585-C96B103CA42D} = {0AB3BF05-4346-4AA6-1389-037BE0695223}
		{B1B35DA7-54E7-446C-8063-EBBE815FDB9A} = {0AB3BF05-4346-4AA6-1389-037BE0695223}
	EndGlobalSection
EndGlobal
